
Microsoft Visual Studio Solution File, Format Version 12.00
# Visual Studio Version 17
VisualStudioVersion = 17.0.31912.275
MinimumVisualStudioVersion = 10.0.40219.1
Project("{FAE04EC0-301F-11D3-BF4B-00C04F79EFBC}") = "RabbitMQSender", "RabbitMQSender\RabbitMQSender.csproj", "{1294C26F-DC01-4C17-A938-E9D429C5D9A7}"
EndProject
Project("{FAE04EC0-301F-11D3-BF4B-00C04F79EFBC}") = "Receiver", "Receiver\Receiver.csproj", "{D6918586-5434-487C-A2D0-6B55B8892F3A}"
EndProject
Project("{FAE04EC0-301F-11D3-BF4B-00C04F79EFBC}") = "Core", "Core\Core.csproj", "{EA1CCFA2-9A10-4220-AE77-B01B3A755BC0}"
EndProject
Global
	GlobalSection(SolutionConfigurationPlatforms) = preSolution
		Debug|Any CPU = Debug|Any CPU
		Release|Any CPU = Release|Any CPU
	EndGlobalSection
	GlobalSection(ProjectConfigurationPlatforms) = postSolution
		{1294C26F-DC01-4C17-A938-E9D429C5D9A7}.Debug|Any CPU.ActiveCfg = Debug|Any CPU
		{1294C26F-DC01-4C17-A938-E9D429C5D9A7}.Debug|Any CPU.Build.0 = Debug|Any CPU
		{1294C26F-DC01-4C17-A938-E9D429C5D9A7}.Release|Any CPU.ActiveCfg = Release|Any CPU
		{1294C26F-DC01-4C17-A938-E9D429C5D9A7}.Release|Any CPU.Build.0 = Release|Any CPU
		{D6918586-5434-487C-A2D0-6B55B8892F3A}.Debug|Any CPU.ActiveCfg = Debug|Any CPU
		{D6918586-5434-487C-A2D0-6B55B8892F3A}.Debug|Any CPU.Build.0 = Debug|Any CPU
		{D6918586-5434-487C-A2D0-6B55B8892F3A}.Release|Any CPU.ActiveCfg = Release|Any CPU
		{D6918586-5434-487C-A2D0-6B55B8892F3A}.Release|Any CPU.Build.0 = Release|Any CPU
		{EA1CCFA2-9A10-4220-AE77-B01B3A755BC0}.Debug|Any CPU.ActiveCfg = Debug|Any CPU
		{EA1CCFA2-9A10-4220-AE77-B01B3A755BC0}.Debug|Any CPU.Build.0 = Debug|Any CPU
		{EA1CCFA2-9A10-4220-AE77-B01B3A755BC0}.Release|Any CPU.ActiveCfg = Release|Any CPU
		{EA1CCFA2-9A10-4220-AE77-B01B3A755BC0}.Release|Any CPU.Build.0 = Release|Any CPU
	EndGlobalSection
	GlobalSection(SolutionProperties) = preSolution
		HideSolutionNode = FALSE
	EndGlobalSection
	GlobalSection(ExtensibilityGlobals) = postSolution
		SolutionGuid = {AB64D576-AE58-4E88-91C1-D77C779AF9EA}
	EndGlobalSection
EndGlobal
